// !$*UTF8*$!
{
	archiveVersion = 1;
	classes = {
	};
	objectVersion = 46;
	objects = {

/* Begin PBXContainerItemProxy section */
		1F31AE951C8535920091C31B /* PBXContainerItemProxy */ = {
			isa = PBXContainerItemProxy;
			containerPortal = 1F31AE8C1C8535920091C31B /* PlatformKEXTs.xcodeproj */;
			proxyType = 2;
			remoteGlobalIDString = 1FA9346C1B89798000BD68E3;
			remoteInfo = IOACPIFamily;
		};
		1F31AE971C8535920091C31B /* PBXContainerItemProxy */ = {
			isa = PBXContainerItemProxy;
			containerPortal = 1F31AE8C1C8535920091C31B /* PlatformKEXTs.xcodeproj */;
			proxyType = 2;
			remoteGlobalIDString = 1F56E8C21B8ABC4B0095848C;
			remoteInfo = AppleAPIC;
		};
		1F31AE991C8535920091C31B /* PBXContainerItemProxy */ = {
			isa = PBXContainerItemProxy;
			containerPortal = 1F31AE8C1C8535920091C31B /* PlatformKEXTs.xcodeproj */;
			proxyType = 2;
			remoteGlobalIDString = 1F56E8A31B8A9ECB0095848C;
			remoteInfo = AppleI386PlatformExpert;
		};
		1F31AE9B1C8535920091C31B /* PBXContainerItemProxy */ = {
			isa = PBXContainerItemProxy;
			containerPortal = 1F31AE8C1C8535920091C31B /* PlatformKEXTs.xcodeproj */;
			proxyType = 2;
			remoteGlobalIDString = 1FA9348E1B897E1600BD68E3;
			remoteInfo = libkmod;
		};
		1F31AE9D1C8535920091C31B /* PBXContainerItemProxy */ = {
			isa = PBXContainerItemProxy;
			containerPortal = 1F31AE8C1C8535920091C31B /* PlatformKEXTs.xcodeproj */;
			proxyType = 2;
			remoteGlobalIDString = 1FA934A71B897EAD00BD68E3;
			remoteInfo = "libkmodc++";
		};
		1F31AEB01C8535C40091C31B /* PBXContainerItemProxy */ = {
			isa = PBXContainerItemProxy;
			containerPortal = 1F31AEA81C8535C40091C31B /* Kernel.xcodeproj */;
			proxyType = 2;
			remoteGlobalIDString = 1F051CD01859223C008F6CAE;
			remoteInfo = dwarf;
		};
		1F31AEB21C8535C40091C31B /* PBXContainerItemProxy */ = {
			isa = PBXContainerItemProxy;
			containerPortal = 1F31AEA81C8535C40091C31B /* Kernel.xcodeproj */;
			proxyType = 2;
			remoteGlobalIDString = 1FAD56711859255500EDAF39;
			remoteInfo = elf;
		};
		1F31AEB41C8535C40091C31B /* PBXContainerItemProxy */ = {
			isa = PBXContainerItemProxy;
			containerPortal = 1F31AEA81C8535C40091C31B /* Kernel.xcodeproj */;
			proxyType = 2;
			remoteGlobalIDString = 1F3A87491859298E007D12D6;
			remoteInfo = ctfconvert;
		};
		1F31AEB61C8535C40091C31B /* PBXContainerItemProxy */ = {
			isa = PBXContainerItemProxy;
			containerPortal = 1F31AEA81C8535C40091C31B /* Kernel.xcodeproj */;
			proxyType = 2;
			remoteGlobalIDString = 1F37E27E18592E42001B9501;
			remoteInfo = ctfmerge;
		};
/* End PBXContainerItemProxy section */

/* Begin PBXFileReference section */
		1F31AE8C1C8535920091C31B /* PlatformKEXTs.xcodeproj */ = {isa = PBXFileReference; lastKnownFileType = "wrapper.pb-project"; name = PlatformKEXTs.xcodeproj; path = ../PlatformKEXTs/PlatformKEXTs.xcodeproj; sourceTree = "<group>"; };
		1F31AEA81C8535C40091C31B /* Kernel.xcodeproj */ = {isa = PBXFileReference; lastKnownFileType = "wrapper.pb-project"; name = Kernel.xcodeproj; path = ../Kernel/Kernel.xcodeproj; sourceTree = "<group>"; };
/* End PBXFileReference section */

/* Begin PBXGroup section */
		1F31AE841C8535470091C31B = {
			isa = PBXGroup;
			children = (
				1F31AE8B1C85357F0091C31B /* References */,
				1F31AEA41C8535B30091C31B /* Products */,
			);
			sourceTree = "<group>";
		};
		1F31AE8B1C85357F0091C31B /* References */ = {
			isa = PBXGroup;
			children = (
				1F31AEA81C8535C40091C31B /* Kernel.xcodeproj */,
				1F31AE8C1C8535920091C31B /* PlatformKEXTs.xcodeproj */,
			);
			name = References;
			sourceTree = "<group>";
		};
		1F31AE8D1C8535920091C31B /* Products */ = {
			isa = PBXGroup;
			children = (
				1F31AE961C8535920091C31B /* IOACPIFamily.kext */,
				1F31AE981C8535920091C31B /* AppleAPIC.kext */,
				1F31AE9A1C8535920091C31B /* AppleI386PlatformExpert.kext */,
				1F31AE9C1C8535920091C31B /* libkmod.a */,
				1F31AE9E1C8535920091C31B /* libkmodc++.a */,
			);
			name = Products;
			sourceTree = "<group>";
		};
		1F31AEA41C8535B30091C31B /* Products */ = {
			isa = PBXGroup;
			children = (
			);
			name = Products;
			sourceTree = "<group>";
		};
		1F31AEA91C8535C40091C31B /* Products */ = {
			isa = PBXGroup;
			children = (
				1F31AEB11C8535C40091C31B /* libdwarf.a */,
				1F31AEB31C8535C40091C31B /* libelf.a */,
				1F31AEB51C8535C40091C31B /* ctfconvert */,
				1F31AEB71C8535C40091C31B /* ctfmerge */,
			);
			name = Products;
			sourceTree = "<group>";
		};
/* End PBXGroup section */

/* Begin PBXProject section */
		1F31AE851C8535470091C31B /* Project object */ = {
			isa = PBXProject;
			attributes = {
				LastUpgradeCheck = 0730;
				ORGANIZATIONNAME = "William Kent";
			};
			buildConfigurationList = 1F31AE881C8535470091C31B /* Build configuration list for PBXProject "corecrypto" */;
			compatibilityVersion = "Xcode 3.2";
			developmentRegion = English;
			hasScannedForEncodings = 0;
			knownRegions = (
				en,
			);
			mainGroup = 1F31AE841C8535470091C31B;
			productRefGroup = 1F31AEA41C8535B30091C31B /* Products */;
			projectDirPath = "";
			projectReferences = (
				{
					ProductGroup = 1F31AEA91C8535C40091C31B /* Products */;
					ProjectRef = 1F31AEA81C8535C40091C31B /* Kernel.xcodeproj */;
				},
				{
					ProductGroup = 1F31AE8D1C8535920091C31B /* Products */;
					ProjectRef = 1F31AE8C1C8535920091C31B /* PlatformKEXTs.xcodeproj */;
				},
			);
			projectRoot = "";
			targets = (
			);
		};
/* End PBXProject section */

/* Begin PBXReferenceProxy section */
		1F31AE961C8535920091C31B /* IOACPIFamily.kext */ = {
			isa = PBXReferenceProxy;
			fileType = wrapper.cfbundle;
			path = IOACPIFamily.kext;
			remoteRef = 1F31AE951C8535920091C31B /* PBXContainerItemProxy */;
			sourceTree = BUILT_PRODUCTS_DIR;
		};
		1F31AE981C8535920091C31B /* AppleAPIC.kext */ = {
			isa = PBXReferenceProxy;
			fileType = wrapper.cfbundle;
			path = AppleAPIC.kext;
			remoteRef = 1F31AE971C8535920091C31B /* PBXContainerItemProxy */;
			sourceTree = BUILT_PRODUCTS_DIR;
		};
		1F31AE9A1C8535920091C31B /* AppleI386PlatformExpert.kext */ = {
			isa = PBXReferenceProxy;
			fileType = wrapper.cfbundle;
			path = AppleI386PlatformExpert.kext;
			remoteRef = 1F31AE991C8535920091C31B /* PBXContainerItemProxy */;
			sourceTree = BUILT_PRODUCTS_DIR;
		};
		1F31AE9C1C8535920091C31B /* libkmod.a */ = {
			isa = PBXReferenceProxy;
			fileType = archive.ar;
			path = libkmod.a;
			remoteRef = 1F31AE9B1C8535920091C31B /* PBXContainerItemProxy */;
			sourceTree = BUILT_PRODUCTS_DIR;
		};
		1F31AE9E1C8535920091C31B /* libkmodc++.a */ = {
			isa = PBXReferenceProxy;
			fileType = archive.ar;
			path = "libkmodc++.a";
			remoteRef = 1F31AE9D1C8535920091C31B /* PBXContainerItemProxy */;
			sourceTree = BUILT_PRODUCTS_DIR;
		};
		1F31AEB11C8535C40091C31B /* libdwarf.a */ = {
			isa = PBXReferenceProxy;
			fileType = archive.ar;
			path = libdwarf.a;
			remoteRef = 1F31AEB01C8535C40091C31B /* PBXContainerItemProxy */;
			sourceTree = BUILT_PRODUCTS_DIR;
		};
		1F31AEB31C8535C40091C31B /* libelf.a */ = {
			isa = PBXReferenceProxy;
			fileType = archive.ar;
			path = libelf.a;
			remoteRef = 1F31AEB21C8535C40091C31B /* PBXContainerItemProxy */;
			sourceTree = BUILT_PRODUCTS_DIR;
		};
		1F31AEB51C8535C40091C31B /* ctfconvert */ = {
			isa = PBXReferenceProxy;
			fileType = "compiled.mach-o.executable";
			path = ctfconvert;
			remoteRef = 1F31AEB41C8535C40091C31B /* PBXContainerItemProxy */;
			sourceTree = BUILT_PRODUCTS_DIR;
		};
		1F31AEB71C8535C40091C31B /* ctfmerge */ = {
			isa = PBXReferenceProxy;
			fileType = "compiled.mach-o.executable";
			path = ctfmerge;
			remoteRef = 1F31AEB61C8535C40091C31B /* PBXContainerItemProxy */;
			sourceTree = BUILT_PRODUCTS_DIR;
		};
/* End PBXReferenceProxy section */

/* Begin XCBuildConfiguration section */
		1F31AE891C8535470091C31B /* Debug */ = {
			isa = XCBuildConfiguration;
			buildSettings = {
			};
			name = Debug;
		};
		1F31AE8A1C8535470091C31B /* Release */ = {
			isa = XCBuildConfiguration;
			buildSettings = {
			};
			name = Release;
		};
/* End XCBuildConfiguration section */

/* Begin XCConfigurationList section */
		1F31AE881C8535470091C31B /* Build configuration list for PBXProject "corecrypto" */ = {
			isa = XCConfigurationList;
			buildConfigurations = (
				1F31AE891C8535470091C31B /* Debug */,
				1F31AE8A1C8535470091C31B /* Release */,
			);
			defaultConfigurationIsVisible = 0;
			defaultConfigurationName = Release;
		};
/* End XCConfigurationList section */
	};
	rootObject = 1F31AE851C8535470091C31B /* Project object */;
}
